
Microsoft Visual Studio Solution File, Format Version 12.00
# Visual Studio Version 17
VisualStudioVersion = 17.12.35707.178 d17.12
MinimumVisualStudioVersion = 10.0.40219.1
Project("{FAE04EC0-301F-11D3-BF4B-00C04F79EFBC}") = "FootballLeague.API", "FootballLeague.API.csproj", "{F9BDAE10-8158-4D54-9FAF-BCD3B156D28F}"
	ProjectSection(ProjectDependencies) = postProject
		{499FCFAD-57B1-47E4-8918-CAFC63AE2E1E} = {499FCFAD-57B1-47E4-8918-CAFC63AE2E1E}
		{896AC08D-573F-4EF9-8FA0-2D4F3076C00B} = {896AC08D-573F-4EF9-8FA0-2D4F3076C00B}
	EndProjectSection
EndProject
Project("{FAE04EC0-301F-11D3-BF4B-00C04F79EFBC}") = "FootballLeague.Core", "..\FootballLeague.Core\FootballLeague.Core.csproj", "{499FCFAD-57B1-47E4-8918-CAFC63AE2E1E}"
	ProjectSection(ProjectDependencies) = postProject
		{896AC08D-573F-4EF9-8FA0-2D4F3076C00B} = {896AC08D-573F-4EF9-8FA0-2D4F3076C00B}
	EndProjectSection
EndProject
Project("{FAE04EC0-301F-11D3-BF4B-00C04F79EFBC}") = "FootballLeague.Data", "..\FootballLeague.Data\FootballLeague.Data.csproj", "{896AC08D-573F-4EF9-8FA0-2D4F3076C00B}"
EndProject
Global
	GlobalSection(SolutionConfigurationPlatforms) = preSolution
		Debug|Any CPU = Debug|Any CPU
		Release|Any CPU = Release|Any CPU
	EndGlobalSection
	GlobalSection(ProjectConfigurationPlatforms) = postSolution
		{F9BDAE10-8158-4D54-9FAF-BCD3B156D28F}.Debug|Any CPU.ActiveCfg = Debug|Any CPU
		{F9BDAE10-8158-4D54-9FAF-BCD3B156D28F}.Debug|Any CPU.Build.0 = Debug|Any CPU
		{F9BDAE10-8158-4D54-9FAF-BCD3B156D28F}.Release|Any CPU.ActiveCfg = Release|Any CPU
		{F9BDAE10-8158-4D54-9FAF-BCD3B156D28F}.Release|Any CPU.Build.0 = Release|Any CPU
		{499FCFAD-57B1-47E4-8918-CAFC63AE2E1E}.Debug|Any CPU.ActiveCfg = Debug|Any CPU
		{499FCFAD-57B1-47E4-8918-CAFC63AE2E1E}.Debug|Any CPU.Build.0 = Debug|Any CPU
		{499FCFAD-57B1-47E4-8918-CAFC63AE2E1E}.Release|Any CPU.ActiveCfg = Release|Any CPU
		{499FCFAD-57B1-47E4-8918-CAFC63AE2E1E}.Release|Any CPU.Build.0 = Release|Any CPU
		{896AC08D-573F-4EF9-8FA0-2D4F3076C00B}.Debug|Any CPU.ActiveCfg = Debug|Any CPU
		{896AC08D-573F-4EF9-8FA0-2D4F3076C00B}.Debug|Any CPU.Build.0 = Debug|Any CPU
		{896AC08D-573F-4EF9-8FA0-2D4F3076C00B}.Release|Any CPU.ActiveCfg = Release|Any CPU
		{896AC08D-573F-4EF9-8FA0-2D4F3076C00B}.Release|Any CPU.Build.0 = Release|Any CPU
	EndGlobalSection
	GlobalSection(SolutionProperties) = preSolution
		HideSolutionNode = FALSE
	EndGlobalSection
EndGlobal
